
Microsoft Visual Studio Solution File, Format Version 12.00
# Visual Studio Version 16
VisualStudioVersion = 16.0.30717.126
MinimumVisualStudioVersion = 10.0.40219.1
Project("{9A19103F-16F7-4668-BE54-9A1E7A4F7556}") = "EFCoreApp2021", "EFCoreApp2021\EFCoreApp2021.csproj", "{ACB0EBDE-7406-4AC4-ACBF-25C9975FBB41}"
EndProject
Project("{FAE04EC0-301F-11D3-BF4B-00C04F79EFBC}") = "VSFlyWebAPI", "VSFlyWebAPI\VSFlyWebAPI.csproj", "{F9181A62-3605-4421-816D-922538DA57F0}"
EndProject
Project("{FAE04EC0-301F-11D3-BF4B-00C04F79EFBC}") = "clientwebapi", "clientwebapi\clientwebapi.csproj", "{876C83D7-6470-46D7-B5B5-43095A132DB8}"
EndProject
Global
	GlobalSection(SolutionConfigurationPlatforms) = preSolution
		Debug|Any CPU = Debug|Any CPU
		Release|Any CPU = Release|Any CPU
	EndGlobalSection
	GlobalSection(ProjectConfigurationPlatforms) = postSolution
		{ACB0EBDE-7406-4AC4-ACBF-25C9975FBB41}.Debug|Any CPU.ActiveCfg = Debug|Any CPU
		{ACB0EBDE-7406-4AC4-ACBF-25C9975FBB41}.Debug|Any CPU.Build.0 = Debug|Any CPU
		{ACB0EBDE-7406-4AC4-ACBF-25C9975FBB41}.Release|Any CPU.ActiveCfg = Release|Any CPU
		{ACB0EBDE-7406-4AC4-ACBF-25C9975FBB41}.Release|Any CPU.Build.0 = Release|Any CPU
		{F9181A62-3605-4421-816D-922538DA57F0}.Debug|Any CPU.ActiveCfg = Debug|Any CPU
		{F9181A62-3605-4421-816D-922538DA57F0}.Debug|Any CPU.Build.0 = Debug|Any CPU
		{F9181A62-3605-4421-816D-922538DA57F0}.Release|Any CPU.ActiveCfg = Release|Any CPU
		{F9181A62-3605-4421-816D-922538DA57F0}.Release|Any CPU.Build.0 = Release|Any CPU
		{876C83D7-6470-46D7-B5B5-43095A132DB8}.Debug|Any CPU.ActiveCfg = Debug|Any CPU
		{876C83D7-6470-46D7-B5B5-43095A132DB8}.Debug|Any CPU.Build.0 = Debug|Any CPU
		{876C83D7-6470-46D7-B5B5-43095A132DB8}.Release|Any CPU.ActiveCfg = Release|Any CPU
		{876C83D7-6470-46D7-B5B5-43095A132DB8}.Release|Any CPU.Build.0 = Release|Any CPU
	EndGlobalSection
	GlobalSection(SolutionProperties) = preSolution
		HideSolutionNode = FALSE
	EndGlobalSection
	GlobalSection(ExtensibilityGlobals) = postSolution
		SolutionGuid = {C604DE98-8A70-4FDE-B155-4CE249C4A42C}
	EndGlobalSection
EndGlobal
